// !$*UTF8*$!
{
	archiveVersion = 1;
	classes = {
	};
	objectVersion = 56;
	objects = {

/* Begin PBXBuildFile section */
		32B1A4BF2B828F9400A20FDD /* reciept_bill_splitterApp.swift in Sources */ = {isa = PBXBuildFile; fileRef = 32B1A4BE2B828F9400A20FDD /* reciept_bill_splitterApp.swift */; };
		32B1A4C12B828F9400A20FDD /* ContentView.swift in Sources */ = {isa = PBXBuildFile; fileRef = 32B1A4C02B828F9400A20FDD /* ContentView.swift */; };
		32B1A4C32B828F9D00A20FDD /* Assets.xcassets in Resources */ = {isa = PBXBuildFile; fileRef = 32B1A4C22B828F9D00A20FDD /* Assets.xcassets */; };
		32B1A4C62B828F9D00A20FDD /* Preview Assets.xcassets in Resources */ = {isa = PBXBuildFile; fileRef = 32B1A4C52B828F9D00A20FDD /* Preview Assets.xcassets */; };
		3F13529DD15DE25E15120BB0 /* libPods-reciept bill splitter.a in Frameworks */ = {isa = PBXBuildFile; fileRef = 999D0C30041433B9EC1CD82A /* libPods-reciept bill splitter.a */; };
		E59A18892B841BD600233B50 /* ScanReciept.swift in Sources */ = {isa = PBXBuildFile; fileRef = E59A18882B841BD600233B50 /* ScanReciept.swift */; };
		E59A188B2B841C0E00233B50 /* UIImageExtension.swift in Sources */ = {isa = PBXBuildFile; fileRef = E59A188A2B841C0E00233B50 /* UIImageExtension.swift */; };
/* End PBXBuildFile section */

/* Begin PBXFileReference section */
		32B1A4BB2B828F9400A20FDD /* reciept bill splitter.app */ = {isa = PBXFileReference; explicitFileType = wrapper.application; includeInIndex = 0; path = "reciept bill splitter.app"; sourceTree = BUILT_PRODUCTS_DIR; };
		32B1A4BE2B828F9400A20FDD /* reciept_bill_splitterApp.swift */ = {isa = PBXFileReference; lastKnownFileType = sourcecode.swift; path = reciept_bill_splitterApp.swift; sourceTree = "<group>"; };
		32B1A4C02B828F9400A20FDD /* ContentView.swift */ = {isa = PBXFileReference; lastKnownFileType = sourcecode.swift; path = ContentView.swift; sourceTree = "<group>"; };
		32B1A4C22B828F9D00A20FDD /* Assets.xcassets */ = {isa = PBXFileReference; lastKnownFileType = folder.assetcatalog; path = Assets.xcassets; sourceTree = "<group>"; };
		32B1A4C52B828F9D00A20FDD /* Preview Assets.xcassets */ = {isa = PBXFileReference; lastKnownFileType = folder.assetcatalog; path = "Preview Assets.xcassets"; sourceTree = "<group>"; };
		7B9F3DD837500D0B32C874B9 /* Pods-reciept bill splitter.release.xcconfig */ = {isa = PBXFileReference; includeInIndex = 1; lastKnownFileType = text.xcconfig; name = "Pods-reciept bill splitter.release.xcconfig"; path = "Target Support Files/Pods-reciept bill splitter/Pods-reciept bill splitter.release.xcconfig"; sourceTree = "<group>"; };
		93C100ACB289AAA5A7B0043E /* Pods-reciept bill splitter.debug.xcconfig */ = {isa = PBXFileReference; includeInIndex = 1; lastKnownFileType = text.xcconfig; name = "Pods-reciept bill splitter.debug.xcconfig"; path = "Target Support Files/Pods-reciept bill splitter/Pods-reciept bill splitter.debug.xcconfig"; sourceTree = "<group>"; };
		999D0C30041433B9EC1CD82A /* libPods-reciept bill splitter.a */ = {isa = PBXFileReference; explicitFileType = archive.ar; includeInIndex = 0; path = "libPods-reciept bill splitter.a"; sourceTree = BUILT_PRODUCTS_DIR; };
		E59A18882B841BD600233B50 /* ScanReciept.swift */ = {isa = PBXFileReference; lastKnownFileType = sourcecode.swift; path = ScanReciept.swift; sourceTree = "<group>"; };
		E59A188A2B841C0E00233B50 /* UIImageExtension.swift */ = {isa = PBXFileReference; lastKnownFileType = sourcecode.swift; path = UIImageExtension.swift; sourceTree = "<group>"; };
/* End PBXFileReference section */

/* Begin PBXFrameworksBuildPhase section */
		32B1A4B82B828F9400A20FDD /* Frameworks */ = {
			isa = PBXFrameworksBuildPhase;
			buildActionMask = 2147483647;
			files = (
				3F13529DD15DE25E15120BB0 /* libPods-reciept bill splitter.a in Frameworks */,
			);
			runOnlyForDeploymentPostprocessing = 0;
		};
/* End PBXFrameworksBuildPhase section */

/* Begin PBXGroup section */
		32B1A4B22B828F9400A20FDD = {
			isa = PBXGroup;
			children = (
				32B1A4BD2B828F9400A20FDD /* reciept bill splitter */,
				32B1A4BC2B828F9400A20FDD /* Products */,
				C864C170DBAE04BC52CC2CF3 /* Pods */,
				E8826991BB46345E4A4D8929 /* Frameworks */,
			);
			sourceTree = "<group>";
		};
		32B1A4BC2B828F9400A20FDD /* Products */ = {
			isa = PBXGroup;
			children = (
				32B1A4BB2B828F9400A20FDD /* reciept bill splitter.app */,
			);
			name = Products;
			sourceTree = "<group>";
		};
		32B1A4BD2B828F9400A20FDD /* reciept bill splitter */ = {
			isa = PBXGroup;
			children = (
				32B1A4BE2B828F9400A20FDD /* reciept_bill_splitterApp.swift */,
				32B1A4C02B828F9400A20FDD /* ContentView.swift */,
				32B1A4C22B828F9D00A20FDD /* Assets.xcassets */,
				32B1A4C42B828F9D00A20FDD /* Preview Content */,
				E59A18882B841BD600233B50 /* ScanReciept.swift */,
				E59A188A2B841C0E00233B50 /* UIImageExtension.swift */,
			);
			path = "reciept bill splitter";
			sourceTree = "<group>";
		};
		32B1A4C42B828F9D00A20FDD /* Preview Content */ = {
			isa = PBXGroup;
			children = (
				32B1A4C52B828F9D00A20FDD /* Preview Assets.xcassets */,
			);
			path = "Preview Content";
			sourceTree = "<group>";
		};
		C864C170DBAE04BC52CC2CF3 /* Pods */ = {
			isa = PBXGroup;
			children = (
				93C100ACB289AAA5A7B0043E /* Pods-reciept bill splitter.debug.xcconfig */,
				7B9F3DD837500D0B32C874B9 /* Pods-reciept bill splitter.release.xcconfig */,
			);
			path = Pods;
			sourceTree = "<group>";
		};
		E8826991BB46345E4A4D8929 /* Frameworks */ = {
			isa = PBXGroup;
			children = (
				999D0C30041433B9EC1CD82A /* libPods-reciept bill splitter.a */,
			);
			name = Frameworks;
			sourceTree = "<group>";
		};
/* End PBXGroup section */

/* Begin PBXNativeTarget section */
		32B1A4BA2B828F9400A20FDD /* reciept bill splitter */ = {
			isa = PBXNativeTarget;
			buildConfigurationList = 32B1A4C92B828F9D00A20FDD /* Build configuration list for PBXNativeTarget "reciept bill splitter" */;
			buildPhases = (
				87B4BAB4A4205E65DFEDE947 /* [CP] Check Pods Manifest.lock */,
				32B1A4B72B828F9400A20FDD /* Sources */,
				32B1A4B82B828F9400A20FDD /* Frameworks */,
				32B1A4B92B828F9400A20FDD /* Resources */,
				4CB0E40A2B30E5AAA600CF0E /* [CP] Copy Pods Resources */,
			);
			buildRules = (
			);
			dependencies = (
			);
			name = "reciept bill splitter";
			productName = "reciept bill splitter";
			productReference = 32B1A4BB2B828F9400A20FDD /* reciept bill splitter.app */;
			productType = "com.apple.product-type.application";
		};
/* End PBXNativeTarget section */

/* Begin PBXProject section */
		32B1A4B32B828F9400A20FDD /* Project object */ = {
			isa = PBXProject;
			attributes = {
				BuildIndependentTargetsInParallel = 1;
				LastSwiftUpdateCheck = 1520;
				LastUpgradeCheck = 1520;
				TargetAttributes = {
					32B1A4BA2B828F9400A20FDD = {
						CreatedOnToolsVersion = 15.2;
					};
				};
			};
			buildConfigurationList = 32B1A4B62B828F9400A20FDD /* Build configuration list for PBXProject "reciept bill splitter" */;
			compatibilityVersion = "Xcode 14.0";
			developmentRegion = en;
			hasScannedForEncodings = 0;
			knownRegions = (
				en,
				Base,
			);
			mainGroup = 32B1A4B22B828F9400A20FDD;
			productRefGroup = 32B1A4BC2B828F9400A20FDD /* Products */;
			projectDirPath = "";
			projectRoot = "";
			targets = (
				32B1A4BA2B828F9400A20FDD /* reciept bill splitter */,
			);
		};
/* End PBXProject section */

/* Begin PBXResourcesBuildPhase section */
		32B1A4B92B828F9400A20FDD /* Resources */ = {
			isa = PBXResourcesBuildPhase;
			buildActionMask = 2147483647;
			files = (
				32B1A4C62B828F9D00A20FDD /* Preview Assets.xcassets in Resources */,
				32B1A4C32B828F9D00A20FDD /* Assets.xcassets in Resources */,
			);
			runOnlyForDeploymentPostprocessing = 0;
		};
/* End PBXResourcesBuildPhase section */

/* Begin PBXShellScriptBuildPhase section */
		4CB0E40A2B30E5AAA600CF0E /* [CP] Copy Pods Resources */ = {
			isa = PBXShellScriptBuildPhase;
			buildActionMask = 2147483647;
			files = (
			);
			inputFileListPaths = (
				"${PODS_ROOT}/Target Support Files/Pods-reciept bill splitter/Pods-reciept bill splitter-resources-${CONFIGURATION}-input-files.xcfilelist",
			);
			name = "[CP] Copy Pods Resources";
			outputFileListPaths = (
				"${PODS_ROOT}/Target Support Files/Pods-reciept bill splitter/Pods-reciept bill splitter-resources-${CONFIGURATION}-output-files.xcfilelist",
			);
			runOnlyForDeploymentPostprocessing = 0;
			shellPath = /bin/sh;
			shellScript = "\"${PODS_ROOT}/Target Support Files/Pods-reciept bill splitter/Pods-reciept bill splitter-resources.sh\"\n";
			showEnvVarsInLog = 0;
		};
		87B4BAB4A4205E65DFEDE947 /* [CP] Check Pods Manifest.lock */ = {
			isa = PBXShellScriptBuildPhase;
			buildActionMask = 2147483647;
			files = (
			);
			inputFileListPaths = (
			);
			inputPaths = (
				"${PODS_PODFILE_DIR_PATH}/Podfile.lock",
				"${PODS_ROOT}/Manifest.lock",
			);
			name = "[CP] Check Pods Manifest.lock";
			outputFileListPaths = (
			);
			outputPaths = (
				"$(DERIVED_FILE_DIR)/Pods-reciept bill splitter-checkManifestLockResult.txt",
			);
			runOnlyForDeploymentPostprocessing = 0;
			shellPath = /bin/sh;
			shellScript = "diff \"${PODS_PODFILE_DIR_PATH}/Podfile.lock\" \"${PODS_ROOT}/Manifest.lock\" > /dev/null\nif [ $? != 0 ] ; then\n    # print error to STDERR\n    echo \"error: The sandbox is not in sync with the Podfile.lock. Run 'pod install' or update your CocoaPods installation.\" >&2\n    exit 1\nfi\n# This output is used by Xcode 'outputs' to avoid re-running this script phase.\necho \"SUCCESS\" > \"${SCRIPT_OUTPUT_FILE_0}\"\n";
			showEnvVarsInLog = 0;
		};
/* End PBXShellScriptBuildPhase section */

/* Begin PBXSourcesBuildPhase section */
		32B1A4B72B828F9400A20FDD /* Sources */ = {
			isa = PBXSourcesBuildPhase;
			buildActionMask = 2147483647;
			files = (
				32B1A4C12B828F9400A20FDD /* ContentView.swift in Sources */,
				E59A18892B841BD600233B50 /* ScanReciept.swift in Sources */,
				32B1A4BF2B828F9400A20FDD /* reciept_bill_splitterApp.swift in Sources */,
				E59A188B2B841C0E00233B50 /* UIImageExtension.swift in Sources */,
			);
			runOnlyForDeploymentPostprocessing = 0;
		};
/* End PBXSourcesBuildPhase section */

/* Begin XCBuildConfiguration section */
		32B1A4C72B828F9D00A20FDD /* Debug */ = {
			isa = XCBuildConfiguration;
			buildSettings = {
				ALWAYS_SEARCH_USER_PATHS = NO;
				ASSETCATALOG_COMPILER_GENERATE_SWIFT_ASSET_SYMBOL_EXTENSIONS = YES;
				CLANG_ANALYZER_NONNULL = YES;
				CLANG_ANALYZER_NUMBER_OBJECT_CONVERSION = YES_AGGRESSIVE;
				CLANG_CXX_LANGUAGE_STANDARD = "gnu++20";
				CLANG_ENABLE_MODULES = YES;
				CLANG_ENABLE_OBJC_ARC = YES;
				CLANG_ENABLE_OBJC_WEAK = YES;
				CLANG_WARN_BLOCK_CAPTURE_AUTORELEASING = YES;
				CLANG_WARN_BOOL_CONVERSION = YES;
				CLANG_WARN_COMMA = YES;
				CLANG_WARN_CONSTANT_CONVERSION = YES;
				CLANG_WARN_DEPRECATED_OBJC_IMPLEMENTATIONS = YES;
				CLANG_WARN_DIRECT_OBJC_ISA_USAGE = YES_ERROR;
				CLANG_WARN_DOCUMENTATION_COMMENTS = YES;
				CLANG_WARN_EMPTY_BODY = YES;
				CLANG_WARN_ENUM_CONVERSION = YES;
				CLANG_WARN_INFINITE_RECURSION = YES;
				CLANG_WARN_INT_CONVERSION = YES;
				CLANG_WARN_NON_LITERAL_NULL_CONVERSION = YES;
				CLANG_WARN_OBJC_IMPLICIT_RETAIN_SELF = YES;
				CLANG_WARN_OBJC_LITERAL_CONVERSION = YES;
				CLANG_WARN_OBJC_ROOT_CLASS = YES_ERROR;
				CLANG_WARN_QUOTED_INCLUDE_IN_FRAMEWORK_HEADER = YES;
				CLANG_WARN_RANGE_LOOP_ANALYSIS = YES;
				CLANG_WARN_STRICT_PROTOTYPES = YES;
				CLANG_WARN_SUSPICIOUS_MOVE = YES;
				CLANG_WARN_UNGUARDED_AVAILABILITY = YES_AGGRESSIVE;
				CLANG_WARN_UNREACHABLE_CODE = YES;
				CLANG_WARN__DUPLICATE_METHOD_MATCH = YES;
				COPY_PHASE_STRIP = NO;
				DEBUG_INFORMATION_FORMAT = dwarf;
				ENABLE_STRICT_OBJC_MSGSEND = YES;
				ENABLE_TESTABILITY = YES;
				ENABLE_USER_SCRIPT_SANDBOXING = YES;
				GCC_C_LANGUAGE_STANDARD = gnu17;
				GCC_DYNAMIC_NO_PIC = NO;
				GCC_NO_COMMON_BLOCKS = YES;
				GCC_OPTIMIZATION_LEVEL = 0;
				GCC_PREPROCESSOR_DEFINITIONS = (
					"DEBUG=1",
					"$(inherited)",
				);
				GCC_WARN_64_TO_32_BIT_CONVERSION = YES;
				GCC_WARN_ABOUT_RETURN_TYPE = YES_ERROR;
				GCC_WARN_UNDECLARED_SELECTOR = YES;
				GCC_WARN_UNINITIALIZED_AUTOS = YES_AGGRESSIVE;
				GCC_WARN_UNUSED_FUNCTION = YES;
				GCC_WARN_UNUSED_VARIABLE = YES;
				IPHONEOS_DEPLOYMENT_TARGET = 17.2;
				LOCALIZATION_PREFERS_STRING_CATALOGS = YES;
				MTL_ENABLE_DEBUG_INFO = INCLUDE_SOURCE;
				MTL_FAST_MATH = YES;
				ONLY_ACTIVE_ARCH = YES;
				SDKROOT = iphoneos;
				SWIFT_ACTIVE_COMPILATION_CONDITIONS = "DEBUG $(inherited)";
				SWIFT_OPTIMIZATION_LEVEL = "-Onone";
			};
			name = Debug;
		};
		32B1A4C82B828F9D00A20FDD /* Release */ = {
			isa = XCBuildConfiguration;
			buildSettings = {
				ALWAYS_SEARCH_USER_PATHS = NO;
				ASSETCATALOG_COMPILER_GENERATE_SWIFT_ASSET_SYMBOL_EXTENSIONS = YES;
				CLANG_ANALYZER_NONNULL = YES;
				CLANG_ANALYZER_NUMBER_OBJECT_CONVERSION = YES_AGGRESSIVE;
				CLANG_CXX_LANGUAGE_STANDARD = "gnu++20";
				CLANG_ENABLE_MODULES = YES;
				CLANG_ENABLE_OBJC_ARC = YES;
				CLANG_ENABLE_OBJC_WEAK = YES;
				CLANG_WARN_BLOCK_CAPTURE_AUTORELEASING = YES;
				CLANG_WARN_BOOL_CONVERSION = YES;
				CLANG_WARN_COMMA = YES;
				CLANG_WARN_CONSTANT_CONVERSION = YES;
				CLANG_WARN_DEPRECATED_OBJC_IMPLEMENTATIONS = YES;
				CLANG_WARN_DIRECT_OBJC_ISA_USAGE = YES_ERROR;
				CLANG_WARN_DOCUMENTATION_COMMENTS = YES;
				CLANG_WARN_EMPTY_BODY = YES;
				CLANG_WARN_ENUM_CONVERSION = YES;
				CLANG_WARN_INFINITE_RECURSION = YES;
				CLANG_WARN_INT_CONVERSION = YES;
				CLANG_WARN_NON_LITERAL_NULL_CONVERSION = YES;
				CLANG_WARN_OBJC_IMPLICIT_RETAIN_SELF = YES;
				CLANG_WARN_OBJC_LITERAL_CONVERSION = YES;
				CLANG_WARN_OBJC_ROOT_CLASS = YES_ERROR;
				CLANG_WARN_QUOTED_INCLUDE_IN_FRAMEWORK_HEADER = YES;
				CLANG_WARN_RANGE_LOOP_ANALYSIS = YES;
				CLANG_WARN_STRICT_PROTOTYPES = YES;
				CLANG_WARN_SUSPICIOUS_MOVE = YES;
				CLANG_WARN_UNGUARDED_AVAILABILITY = YES_AGGRESSIVE;
				CLANG_WARN_UNREACHABLE_CODE = YES;
				CLANG_WARN__DUPLICATE_METHOD_MATCH = YES;
				COPY_PHASE_STRIP = NO;
				DEBUG_INFORMATION_FORMAT = "dwarf-with-dsym";
				ENABLE_NS_ASSERTIONS = NO;
				ENABLE_STRICT_OBJC_MSGSEND = YES;
				ENABLE_USER_SCRIPT_SANDBOXING = YES;
				GCC_C_LANGUAGE_STANDARD = gnu17;
				GCC_NO_COMMON_BLOCKS = YES;
				GCC_WARN_64_TO_32_BIT_CONVERSION = YES;
				GCC_WARN_ABOUT_RETURN_TYPE = YES_ERROR;
				GCC_WARN_UNDECLARED_SELECTOR = YES;
				GCC_WARN_UNINITIALIZED_AUTOS = YES_AGGRESSIVE;
				GCC_WARN_UNUSED_FUNCTION = YES;
				GCC_WARN_UNUSED_VARIABLE = YES;
				IPHONEOS_DEPLOYMENT_TARGET = 17.2;
				LOCALIZATION_PREFERS_STRING_CATALOGS = YES;
				MTL_ENABLE_DEBUG_INFO = NO;
				MTL_FAST_MATH = YES;
				SDKROOT = iphoneos;
				SWIFT_COMPILATION_MODE = wholemodule;
				VALIDATE_PRODUCT = YES;
			};
			name = Release;
		};
		32B1A4CA2B828F9D00A20FDD /* Debug */ = {
			isa = XCBuildConfiguration;
			baseConfigurationReference = 93C100ACB289AAA5A7B0043E /* Pods-reciept bill splitter.debug.xcconfig */;
			buildSettings = {
				ASSETCATALOG_COMPILER_APPICON_NAME = AppIcon;
				ASSETCATALOG_COMPILER_GLOBAL_ACCENT_COLOR_NAME = AccentColor;
				CODE_SIGN_STYLE = Automatic;
				CURRENT_PROJECT_VERSION = 1;
				DEVELOPMENT_ASSET_PATHS = "\"reciept bill splitter/Preview Content\"";
				ENABLE_PREVIEWS = YES;
				ENABLE_USER_SCRIPT_SANDBOXING = NO;
				GENERATE_INFOPLIST_FILE = YES;
				INFOPLIST_KEY_UIApplicationSceneManifest_Generation = YES;
				INFOPLIST_KEY_UIApplicationSupportsIndirectInputEvents = YES;
				INFOPLIST_KEY_UILaunchScreen_Generation = YES;
				INFOPLIST_KEY_UISupportedInterfaceOrientations_iPad = "UIInterfaceOrientationPortrait UIInterfaceOrientationPortraitUpsideDown UIInterfaceOrientationLandscapeLeft UIInterfaceOrientationLandscapeRight";
				INFOPLIST_KEY_UISupportedInterfaceOrientations_iPhone = "UIInterfaceOrientationPortrait UIInterfaceOrientationLandscapeLeft UIInterfaceOrientationLandscapeRight";
				LD_RUNPATH_SEARCH_PATHS = (
					"$(inherited)",
					"@executable_path/Frameworks",
				);
				MARKETING_VERSION = 1.0;
				PRODUCT_BUNDLE_IDENTIFIER = "com.simon647.reciept-bill-splitter";
				PRODUCT_NAME = "$(TARGET_NAME)";
				SWIFT_EMIT_LOC_STRINGS = YES;
				SWIFT_VERSION = 5.0;
				TARGETED_DEVICE_FAMILY = "1,2";
			};
			name = Debug;
		};
		32B1A4CB2B828F9D00A20FDD /* Release */ = {
			isa = XCBuildConfiguration;
			baseConfigurationReference = 7B9F3DD837500D0B32C874B9 /* Pods-reciept bill splitter.release.xcconfig */;
			buildSettings = {
				ASSETCATALOG_COMPILER_APPICON_NAME = AppIcon;
				ASSETCATALOG_COMPILER_GLOBAL_ACCENT_COLOR_NAME = AccentColor;
				CODE_SIGN_STYLE = Automatic;
				CURRENT_PROJECT_VERSION = 1;
				DEVELOPMENT_ASSET_PATHS = "\"reciept bill splitter/Preview Content\"";
				ENABLE_PREVIEWS = YES;
				ENABLE_USER_SCRIPT_SANDBOXING = NO;
				GENERATE_INFOPLIST_FILE = YES;
				INFOPLIST_KEY_UIApplicationSceneManifest_Generation = YES;
				INFOPLIST_KEY_UIApplicationSupportsIndirectInputEvents = YES;
				INFOPLIST_KEY_UILaunchScreen_Generation = YES;
				INFOPLIST_KEY_UISupportedInterfaceOrientations_iPad = "UIInterfaceOrientationPortrait UIInterfaceOrientationPortraitUpsideDown UIInterfaceOrientationLandscapeLeft UIInterfaceOrientationLandscapeRight";
				INFOPLIST_KEY_UISupportedInterfaceOrientations_iPhone = "UIInterfaceOrientationPortrait UIInterfaceOrientationLandscapeLeft UIInterfaceOrientationLandscapeRight";
				LD_RUNPATH_SEARCH_PATHS = (
					"$(inherited)",
					"@executable_path/Frameworks",
				);
				MARKETING_VERSION = 1.0;
				PRODUCT_BUNDLE_IDENTIFIER = "com.simon647.reciept-bill-splitter";
				PRODUCT_NAME = "$(TARGET_NAME)";
				SWIFT_EMIT_LOC_STRINGS = YES;
				SWIFT_VERSION = 5.0;
				TARGETED_DEVICE_FAMILY = "1,2";
			};
			name = Release;
		};
/* End XCBuildConfiguration section */

/* Begin XCConfigurationList section */
		32B1A4B62B828F9400A20FDD /* Build configuration list for PBXProject "reciept bill splitter" */ = {
			isa = XCConfigurationList;
			buildConfigurations = (
				32B1A4C72B828F9D00A20FDD /* Debug */,
				32B1A4C82B828F9D00A20FDD /* Release */,
			);
			defaultConfigurationIsVisible = 0;
			defaultConfigurationName = Release;
		};
		32B1A4C92B828F9D00A20FDD /* Build configuration list for PBXNativeTarget "reciept bill splitter" */ = {
			isa = XCConfigurationList;
			buildConfigurations = (
				32B1A4CA2B828F9D00A20FDD /* Debug */,
				32B1A4CB2B828F9D00A20FDD /* Release */,
			);
			defaultConfigurationIsVisible = 0;
			defaultConfigurationName = Release;
		};
/* End XCConfigurationList section */
	};
	rootObject = 32B1A4B32B828F9400A20FDD /* Project object */;
}
