// !$*UTF8*$!
{
	archiveVersion = 1;
	classes = {
	};
	objectVersion = 56;
	objects = {

/* Begin PBXBuildFile section */
		32847F282B8D96B70061449F /* UIImageExtension.swift in Sources */ = {isa = PBXBuildFile; fileRef = 32847F272B8D96B70061449F /* UIImageExtension.swift */; };
		32847F2A2B8D96C60061449F /* ScanReciept.swift in Sources */ = {isa = PBXBuildFile; fileRef = 32847F292B8D96C60061449F /* ScanReciept.swift */; };
		32847F2C2B8D96D50061449F /* ContentView.swift in Sources */ = {isa = PBXBuildFile; fileRef = 32847F2B2B8D96D50061449F /* ContentView.swift */; };
		328EEB5C2B9199530021F461 /* DatabaseAPI.swift in Sources */ = {isa = PBXBuildFile; fileRef = 328EEB5B2B9199520021F461 /* DatabaseAPI.swift */; };
		32A6DA972BA13C81005FAA2C /* JoinGroupView.swift in Sources */ = {isa = PBXBuildFile; fileRef = 32A6DA962BA13C81005FAA2C /* JoinGroupView.swift */; };
		32B1A4BF2B828F9400A20FDD /* reciept_bill_splitterApp.swift in Sources */ = {isa = PBXBuildFile; fileRef = 32B1A4BE2B828F9400A20FDD /* reciept_bill_splitterApp.swift */; };
		32B1A4C32B828F9D00A20FDD /* Assets.xcassets in Resources */ = {isa = PBXBuildFile; fileRef = 32B1A4C22B828F9D00A20FDD /* Assets.xcassets */; };
		32B1A4C62B828F9D00A20FDD /* Preview Assets.xcassets in Resources */ = {isa = PBXBuildFile; fileRef = 32B1A4C52B828F9D00A20FDD /* Preview Assets.xcassets */; };
		32C3CD1A2B86F1C600FB2BF1 /* FirebaseAppCheck in Frameworks */ = {isa = PBXBuildFile; productRef = 32C3CD192B86F1C600FB2BF1 /* FirebaseAppCheck */; };
		32C3CD1E2B86F1C600FB2BF1 /* FirebaseAuth in Frameworks */ = {isa = PBXBuildFile; productRef = 32C3CD1D2B86F1C600FB2BF1 /* FirebaseAuth */; };
		32C3CD2A2B86F1C600FB2BF1 /* FirebaseFirestore in Frameworks */ = {isa = PBXBuildFile; productRef = 32C3CD292B86F1C600FB2BF1 /* FirebaseFirestore */; };
		32C3CD2E2B86F1C600FB2BF1 /* FirebaseFirestoreSwift in Frameworks */ = {isa = PBXBuildFile; productRef = 32C3CD2D2B86F1C600FB2BF1 /* FirebaseFirestoreSwift */; };
		32C3CD3E2B86F1C700FB2BF1 /* FirebasePerformance in Frameworks */ = {isa = PBXBuildFile; productRef = 32C3CD3D2B86F1C700FB2BF1 /* FirebasePerformance */; };
		32E58BD82B8A9B1300F9B44E /* UserViewModel.swift in Sources */ = {isa = PBXBuildFile; fileRef = 32E58BD72B8A9B1300F9B44E /* UserViewModel.swift */; };
		32E5E1892B8DA66C005BF4F4 /* GoogleService-Info.plist in Resources */ = {isa = PBXBuildFile; fileRef = 32E5E1882B8DA66C005BF4F4 /* GoogleService-Info.plist */; };
		32E5E18A2B8DA881005BF4F4 /* LaunchScreenView.swift in Sources */ = {isa = PBXBuildFile; fileRef = 32B1A4C02B828F9400A20FDD /* LaunchScreenView.swift */; };
		36788E3F2BA50F22006925A6 /* GroupDetailView.swift in Sources */ = {isa = PBXBuildFile; fileRef = 36788E3E2BA50F22006925A6 /* GroupDetailView.swift */; };
		36E9BE642B86ACE00020BE12 /* SignUpLogInView.swift in Sources */ = {isa = PBXBuildFile; fileRef = 36E9BE632B86ACE00020BE12 /* SignUpLogInView.swift */; };
		36E9BE662B86AD1C0020BE12 /* HomeView.swift in Sources */ = {isa = PBXBuildFile; fileRef = 36E9BE652B86AD1C0020BE12 /* HomeView.swift */; };
		36E9BE682B86AD3F0020BE12 /* FriendsView.swift in Sources */ = {isa = PBXBuildFile; fileRef = 36E9BE672B86AD3F0020BE12 /* FriendsView.swift */; };
		36E9BE6C2B86AD5D0020BE12 /* HistoryView.swift in Sources */ = {isa = PBXBuildFile; fileRef = 36E9BE6B2B86AD5D0020BE12 /* HistoryView.swift */; };
		36E9BE6E2B86AD6E0020BE12 /* SettingsView.swift in Sources */ = {isa = PBXBuildFile; fileRef = 36E9BE6D2B86AD6E0020BE12 /* SettingsView.swift */; };
		36E9BE702B86AD8D0020BE12 /* SplitView.swift in Sources */ = {isa = PBXBuildFile; fileRef = 36E9BE6F2B86AD8D0020BE12 /* SplitView.swift */; };
		36E9BE722B86B6240020BE12 /* SignUpView.swift in Sources */ = {isa = PBXBuildFile; fileRef = 36E9BE712B86B6240020BE12 /* SignUpView.swift */; };
		36E9BE742B86C18D0020BE12 /* AccountView.swift in Sources */ = {isa = PBXBuildFile; fileRef = 36E9BE732B86C18D0020BE12 /* AccountView.swift */; };
		36E9BE762B86CAEA0020BE12 /* AddFriendView.swift in Sources */ = {isa = PBXBuildFile; fileRef = 36E9BE752B86CAEA0020BE12 /* AddFriendView.swift */; };
		36E9BE862BA007F10020BE12 /* TransactionView.swift in Sources */ = {isa = PBXBuildFile; fileRef = 36E9BE852BA007F10020BE12 /* TransactionView.swift */; };
		E50B498F2BAA0A640080CEAB /* PaymentManager.swift in Sources */ = {isa = PBXBuildFile; fileRef = E50B498E2BAA0A640080CEAB /* PaymentManager.swift */; };
		E52146CA2B9FE12C007571A2 /* SceneDelegate.swift in Sources */ = {isa = PBXBuildFile; fileRef = E52146C92B9FE12C007571A2 /* SceneDelegate.swift */; };
		E554E9BB2B9F9A7700734554 /* FirebaseMessaging in Frameworks */ = {isa = PBXBuildFile; productRef = E554E9BA2B9F9A7700734554 /* FirebaseMessaging */; };
		E554E9BF2B9F9E8F00734554 /* FirebaseFunctions in Frameworks */ = {isa = PBXBuildFile; productRef = E554E9BE2B9F9E8F00734554 /* FirebaseFunctions */; };
		E591A6832B9E8AD600AC1F5F /* Stripe in Frameworks */ = {isa = PBXBuildFile; productRef = E591A6822B9E8AD600AC1F5F /* Stripe */; };
		E591A6852B9E8AD600AC1F5F /* StripeApplePay in Frameworks */ = {isa = PBXBuildFile; productRef = E591A6842B9E8AD600AC1F5F /* StripeApplePay */; };
		E591A6872B9E8AD600AC1F5F /* StripeCardScan in Frameworks */ = {isa = PBXBuildFile; productRef = E591A6862B9E8AD600AC1F5F /* StripeCardScan */; };
		E591A6892B9E8AD600AC1F5F /* StripeFinancialConnections in Frameworks */ = {isa = PBXBuildFile; productRef = E591A6882B9E8AD600AC1F5F /* StripeFinancialConnections */; };
		E591A68B2B9E8AD600AC1F5F /* StripeIdentity in Frameworks */ = {isa = PBXBuildFile; productRef = E591A68A2B9E8AD600AC1F5F /* StripeIdentity */; };
		E591A68D2B9E8AD600AC1F5F /* StripePaymentSheet in Frameworks */ = {isa = PBXBuildFile; productRef = E591A68C2B9E8AD600AC1F5F /* StripePaymentSheet */; };
		E591A68F2B9E8AD600AC1F5F /* StripePayments in Frameworks */ = {isa = PBXBuildFile; productRef = E591A68E2B9E8AD600AC1F5F /* StripePayments */; };
		E591A6912B9E8AD600AC1F5F /* StripePaymentsUI in Frameworks */ = {isa = PBXBuildFile; productRef = E591A6902B9E8AD600AC1F5F /* StripePaymentsUI */; };
		E5AB946B2BAAA75B00836C2E /* ManualTransactionView.swift in Sources */ = {isa = PBXBuildFile; fileRef = E5AB946A2BAAA75B00836C2E /* ManualTransactionView.swift */; };
		E5E6F0D82BAD36A0004A0697 /* CreateGroupView.swift in Sources */ = {isa = PBXBuildFile; fileRef = E5E6F0D72BAD36A0004A0697 /* CreateGroupView.swift */; };
/* End PBXBuildFile section */

/* Begin PBXFileReference section */
		32847F272B8D96B70061449F /* UIImageExtension.swift */ = {isa = PBXFileReference; fileEncoding = 4; lastKnownFileType = sourcecode.swift; path = UIImageExtension.swift; sourceTree = "<group>"; };
		32847F292B8D96C60061449F /* ScanReciept.swift */ = {isa = PBXFileReference; fileEncoding = 4; lastKnownFileType = sourcecode.swift; path = ScanReciept.swift; sourceTree = "<group>"; };
		32847F2B2B8D96D50061449F /* ContentView.swift */ = {isa = PBXFileReference; fileEncoding = 4; lastKnownFileType = sourcecode.swift; path = ContentView.swift; sourceTree = "<group>"; };
		328EEB5B2B9199520021F461 /* DatabaseAPI.swift */ = {isa = PBXFileReference; lastKnownFileType = sourcecode.swift; path = DatabaseAPI.swift; sourceTree = "<group>"; };
		32A6DA962BA13C81005FAA2C /* JoinGroupView.swift */ = {isa = PBXFileReference; lastKnownFileType = sourcecode.swift; path = JoinGroupView.swift; sourceTree = "<group>"; };
		32B1A4BB2B828F9400A20FDD /* reciept bill splitter.app */ = {isa = PBXFileReference; explicitFileType = wrapper.application; includeInIndex = 0; path = "reciept bill splitter.app"; sourceTree = BUILT_PRODUCTS_DIR; };
		32B1A4BE2B828F9400A20FDD /* reciept_bill_splitterApp.swift */ = {isa = PBXFileReference; lastKnownFileType = sourcecode.swift; path = reciept_bill_splitterApp.swift; sourceTree = "<group>"; };
		32B1A4C02B828F9400A20FDD /* LaunchScreenView.swift */ = {isa = PBXFileReference; lastKnownFileType = sourcecode.swift; path = LaunchScreenView.swift; sourceTree = "<group>"; };
		32B1A4C22B828F9D00A20FDD /* Assets.xcassets */ = {isa = PBXFileReference; lastKnownFileType = folder.assetcatalog; path = Assets.xcassets; sourceTree = "<group>"; };
		32B1A4C52B828F9D00A20FDD /* Preview Assets.xcassets */ = {isa = PBXFileReference; lastKnownFileType = folder.assetcatalog; path = "Preview Assets.xcassets"; sourceTree = "<group>"; };
		32E58BD72B8A9B1300F9B44E /* UserViewModel.swift */ = {isa = PBXFileReference; lastKnownFileType = sourcecode.swift; path = UserViewModel.swift; sourceTree = "<group>"; };
		32E5E1882B8DA66C005BF4F4 /* GoogleService-Info.plist */ = {isa = PBXFileReference; fileEncoding = 4; lastKnownFileType = text.plist.xml; path = "GoogleService-Info.plist"; sourceTree = "<group>"; };
		36788E3E2BA50F22006925A6 /* GroupDetailView.swift */ = {isa = PBXFileReference; lastKnownFileType = sourcecode.swift; path = GroupDetailView.swift; sourceTree = "<group>"; };
		36788E402BA766C4006925A6 /* ManualTransactionView.swift */ = {isa = PBXFileReference; lastKnownFileType = sourcecode.swift; path = ManualTransactionView.swift; sourceTree = "<group>"; };
		36788E422BA7EEB3006925A6 /* CreateGroupView.swift */ = {isa = PBXFileReference; lastKnownFileType = sourcecode.swift; path = CreateGroupView.swift; sourceTree = "<group>"; };
		36E9BE632B86ACE00020BE12 /* SignUpLogInView.swift */ = {isa = PBXFileReference; lastKnownFileType = sourcecode.swift; path = SignUpLogInView.swift; sourceTree = "<group>"; };
		36E9BE652B86AD1C0020BE12 /* HomeView.swift */ = {isa = PBXFileReference; lastKnownFileType = sourcecode.swift; path = HomeView.swift; sourceTree = "<group>"; };
		36E9BE672B86AD3F0020BE12 /* FriendsView.swift */ = {isa = PBXFileReference; lastKnownFileType = sourcecode.swift; path = FriendsView.swift; sourceTree = "<group>"; };
		36E9BE6B2B86AD5D0020BE12 /* HistoryView.swift */ = {isa = PBXFileReference; lastKnownFileType = sourcecode.swift; path = HistoryView.swift; sourceTree = "<group>"; };
		36E9BE6D2B86AD6E0020BE12 /* SettingsView.swift */ = {isa = PBXFileReference; lastKnownFileType = sourcecode.swift; path = SettingsView.swift; sourceTree = "<group>"; };
		36E9BE6F2B86AD8D0020BE12 /* SplitView.swift */ = {isa = PBXFileReference; lastKnownFileType = sourcecode.swift; path = SplitView.swift; sourceTree = "<group>"; };
		36E9BE712B86B6240020BE12 /* SignUpView.swift */ = {isa = PBXFileReference; lastKnownFileType = sourcecode.swift; path = SignUpView.swift; sourceTree = "<group>"; };
		36E9BE732B86C18D0020BE12 /* AccountView.swift */ = {isa = PBXFileReference; lastKnownFileType = sourcecode.swift; path = AccountView.swift; sourceTree = "<group>"; };
		36E9BE752B86CAEA0020BE12 /* AddFriendView.swift */ = {isa = PBXFileReference; lastKnownFileType = sourcecode.swift; path = AddFriendView.swift; sourceTree = "<group>"; };
		36E9BE852BA007F10020BE12 /* TransactionView.swift */ = {isa = PBXFileReference; lastKnownFileType = sourcecode.swift; path = TransactionView.swift; sourceTree = "<group>"; };
		E50B498E2BAA0A640080CEAB /* PaymentManager.swift */ = {isa = PBXFileReference; lastKnownFileType = sourcecode.swift; path = PaymentManager.swift; sourceTree = "<group>"; };
		E52146C82B9FE060007571A2 /* reciept-bill-splitter-Info.plist */ = {isa = PBXFileReference; lastKnownFileType = text.plist; path = "reciept-bill-splitter-Info.plist"; sourceTree = SOURCE_ROOT; };
		E52146C92B9FE12C007571A2 /* SceneDelegate.swift */ = {isa = PBXFileReference; lastKnownFileType = sourcecode.swift; path = SceneDelegate.swift; sourceTree = "<group>"; };
		E5AB94682BAAA47F00836C2E /* CreateGroupView.swift */ = {isa = PBXFileReference; lastKnownFileType = sourcecode.swift; path = CreateGroupView.swift; sourceTree = "<group>"; };
		E5AB946A2BAAA75B00836C2E /* ManualTransactionView.swift */ = {isa = PBXFileReference; lastKnownFileType = sourcecode.swift; path = ManualTransactionView.swift; sourceTree = "<group>"; };
		E5E6F0D72BAD36A0004A0697 /* CreateGroupView.swift */ = {isa = PBXFileReference; lastKnownFileType = sourcecode.swift; path = CreateGroupView.swift; sourceTree = "<group>"; };
/* End PBXFileReference section */

/* Begin PBXFrameworksBuildPhase section */
		32B1A4B82B828F9400A20FDD /* Frameworks */ = {
			isa = PBXFrameworksBuildPhase;
			buildActionMask = 2147483647;
			files = (
				32C3CD2A2B86F1C600FB2BF1 /* FirebaseFirestore in Frameworks */,
				32C3CD2E2B86F1C600FB2BF1 /* FirebaseFirestoreSwift in Frameworks */,
				E554E9BB2B9F9A7700734554 /* FirebaseMessaging in Frameworks */,
				32C3CD1A2B86F1C600FB2BF1 /* FirebaseAppCheck in Frameworks */,
				32C3CD1E2B86F1C600FB2BF1 /* FirebaseAuth in Frameworks */,
				E591A6892B9E8AD600AC1F5F /* StripeFinancialConnections in Frameworks */,
				E591A6872B9E8AD600AC1F5F /* StripeCardScan in Frameworks */,
				E591A68F2B9E8AD600AC1F5F /* StripePayments in Frameworks */,
				32C3CD3E2B86F1C700FB2BF1 /* FirebasePerformance in Frameworks */,
				E591A68B2B9E8AD600AC1F5F /* StripeIdentity in Frameworks */,
				E591A6832B9E8AD600AC1F5F /* Stripe in Frameworks */,
				E591A68D2B9E8AD600AC1F5F /* StripePaymentSheet in Frameworks */,
				E554E9BF2B9F9E8F00734554 /* FirebaseFunctions in Frameworks */,
				E591A6912B9E8AD600AC1F5F /* StripePaymentsUI in Frameworks */,
				E591A6852B9E8AD600AC1F5F /* StripeApplePay in Frameworks */,
			);
			runOnlyForDeploymentPostprocessing = 0;
		};
/* End PBXFrameworksBuildPhase section */

/* Begin PBXGroup section */
		32847F262B8D95AF0061449F /* Recovered References */ = {
			isa = PBXGroup;
			children = (
				36788E402BA766C4006925A6 /* ManualTransactionView.swift */,
				36788E422BA7EEB3006925A6 /* CreateGroupView.swift */,
				E5AB94682BAAA47F00836C2E /* CreateGroupView.swift */,
			);
			name = "Recovered References";
			sourceTree = "<group>";
		};
		32B1A4B22B828F9400A20FDD = {
			isa = PBXGroup;
			children = (
				32B1A4BC2B828F9400A20FDD /* Products */,
				32B1A4BD2B828F9400A20FDD /* reciept bill splitter */,
				32847F262B8D95AF0061449F /* Recovered References */,
				E554E9B92B9F9A3E00734554 /* Frameworks */,
			);
			sourceTree = "<group>";
		};
		32B1A4BC2B828F9400A20FDD /* Products */ = {
			isa = PBXGroup;
			children = (
				32B1A4BB2B828F9400A20FDD /* reciept bill splitter.app */,
			);
			name = Products;
			sourceTree = "<group>";
		};
		32B1A4BD2B828F9400A20FDD /* reciept bill splitter */ = {
			isa = PBXGroup;
			children = (
				36E9BE732B86C18D0020BE12 /* AccountView.swift */,
				36E9BE752B86CAEA0020BE12 /* AddFriendView.swift */,
				32B1A4C22B828F9D00A20FDD /* Assets.xcassets */,
				32847F2B2B8D96D50061449F /* ContentView.swift */,
				36E9BE672B86AD3F0020BE12 /* FriendsView.swift */,
				32E5E1882B8DA66C005BF4F4 /* GoogleService-Info.plist */,
				36788E3E2BA50F22006925A6 /* GroupDetailView.swift */,
				36E9BE6B2B86AD5D0020BE12 /* HistoryView.swift */,
				36E9BE652B86AD1C0020BE12 /* HomeView.swift */,
				32A6DA962BA13C81005FAA2C /* JoinGroupView.swift */,
				32B1A4C02B828F9400A20FDD /* LaunchScreenView.swift */,
				E5AB946A2BAAA75B00836C2E /* ManualTransactionView.swift */,
				32B1A4C42B828F9D00A20FDD /* Preview Content */,
				32B1A4BE2B828F9400A20FDD /* reciept_bill_splitterApp.swift */,
				E52146C82B9FE060007571A2 /* reciept-bill-splitter-Info.plist */,
				32847F292B8D96C60061449F /* ScanReciept.swift */,
				E52146C92B9FE12C007571A2 /* SceneDelegate.swift */,
				36E9BE6D2B86AD6E0020BE12 /* SettingsView.swift */,
				36E9BE632B86ACE00020BE12 /* SignUpLogInView.swift */,
				36E9BE712B86B6240020BE12 /* SignUpView.swift */,
				36E9BE6F2B86AD8D0020BE12 /* SplitView.swift */,
				36E9BE852BA007F10020BE12 /* TransactionView.swift */,
				32847F272B8D96B70061449F /* UIImageExtension.swift */,
				32C3CD472B8711A700FB2BF1 /* ViewModels */,
				E5E6F0D72BAD36A0004A0697 /* CreateGroupView.swift */,
			);
			path = "reciept bill splitter";
			sourceTree = "<group>";
		};
		32B1A4C42B828F9D00A20FDD /* Preview Content */ = {
			isa = PBXGroup;
			children = (
				32B1A4C52B828F9D00A20FDD /* Preview Assets.xcassets */,
			);
			path = "Preview Content";
			sourceTree = "<group>";
		};
		32C3CD472B8711A700FB2BF1 /* ViewModels */ = {
			isa = PBXGroup;
			children = (
				E50B498E2BAA0A640080CEAB /* PaymentManager.swift */,
				32E58BD72B8A9B1300F9B44E /* UserViewModel.swift */,
				328EEB5B2B9199520021F461 /* DatabaseAPI.swift */,
			);
			path = ViewModels;
			sourceTree = "<group>";
		};
		E554E9B92B9F9A3E00734554 /* Frameworks */ = {
			isa = PBXGroup;
			children = (
			);
			name = Frameworks;
			sourceTree = "<group>";
		};
/* End PBXGroup section */

/* Begin PBXNativeTarget section */
		32B1A4BA2B828F9400A20FDD /* reciept bill splitter */ = {
			isa = PBXNativeTarget;
			buildConfigurationList = 32B1A4C92B828F9D00A20FDD /* Build configuration list for PBXNativeTarget "reciept bill splitter" */;
			buildPhases = (
				32B1A4B72B828F9400A20FDD /* Sources */,
				32B1A4B82B828F9400A20FDD /* Frameworks */,
				32B1A4B92B828F9400A20FDD /* Resources */,
			);
			buildRules = (
			);
			dependencies = (
			);
			name = "reciept bill splitter";
			packageProductDependencies = (
				32C3CD192B86F1C600FB2BF1 /* FirebaseAppCheck */,
				32C3CD1D2B86F1C600FB2BF1 /* FirebaseAuth */,
				32C3CD292B86F1C600FB2BF1 /* FirebaseFirestore */,
				32C3CD2D2B86F1C600FB2BF1 /* FirebaseFirestoreSwift */,
				32C3CD3D2B86F1C700FB2BF1 /* FirebasePerformance */,
				E591A6822B9E8AD600AC1F5F /* Stripe */,
				E591A6842B9E8AD600AC1F5F /* StripeApplePay */,
				E591A6862B9E8AD600AC1F5F /* StripeCardScan */,
				E591A6882B9E8AD600AC1F5F /* StripeFinancialConnections */,
				E591A68A2B9E8AD600AC1F5F /* StripeIdentity */,
				E591A68C2B9E8AD600AC1F5F /* StripePaymentSheet */,
				E591A68E2B9E8AD600AC1F5F /* StripePayments */,
				E591A6902B9E8AD600AC1F5F /* StripePaymentsUI */,
				E554E9BA2B9F9A7700734554 /* FirebaseMessaging */,
				E554E9BE2B9F9E8F00734554 /* FirebaseFunctions */,
			);
			productName = "reciept bill splitter";
			productReference = 32B1A4BB2B828F9400A20FDD /* reciept bill splitter.app */;
			productType = "com.apple.product-type.application";
		};
/* End PBXNativeTarget section */

/* Begin PBXProject section */
		32B1A4B32B828F9400A20FDD /* Project object */ = {
			isa = PBXProject;
			attributes = {
				BuildIndependentTargetsInParallel = 1;
				LastSwiftUpdateCheck = 1520;
				LastUpgradeCheck = 1520;
				TargetAttributes = {
					32B1A4BA2B828F9400A20FDD = {
						CreatedOnToolsVersion = 15.2;
					};
				};
			};
			buildConfigurationList = 32B1A4B62B828F9400A20FDD /* Build configuration list for PBXProject "reciept bill splitter" */;
			compatibilityVersion = "Xcode 14.0";
			developmentRegion = en;
			hasScannedForEncodings = 0;
			knownRegions = (
				en,
				Base,
			);
			mainGroup = 32B1A4B22B828F9400A20FDD;
			packageReferences = (
				32C3CD102B86F1C600FB2BF1 /* XCRemoteSwiftPackageReference "firebase-ios-sdk" */,
				E591A6812B9E8AD500AC1F5F /* XCRemoteSwiftPackageReference "stripe-ios-spm" */,
			);
			productRefGroup = 32B1A4BC2B828F9400A20FDD /* Products */;
			projectDirPath = "";
			projectRoot = "";
			targets = (
				32B1A4BA2B828F9400A20FDD /* reciept bill splitter */,
			);
		};
/* End PBXProject section */

/* Begin PBXResourcesBuildPhase section */
		32B1A4B92B828F9400A20FDD /* Resources */ = {
			isa = PBXResourcesBuildPhase;
			buildActionMask = 2147483647;
			files = (
				32B1A4C62B828F9D00A20FDD /* Preview Assets.xcassets in Resources */,
				32B1A4C32B828F9D00A20FDD /* Assets.xcassets in Resources */,
				32E5E1892B8DA66C005BF4F4 /* GoogleService-Info.plist in Resources */,
			);
			runOnlyForDeploymentPostprocessing = 0;
		};
/* End PBXResourcesBuildPhase section */

/* Begin PBXSourcesBuildPhase section */
		32B1A4B72B828F9400A20FDD /* Sources */ = {
			isa = PBXSourcesBuildPhase;
			buildActionMask = 2147483647;
			files = (
				32A6DA972BA13C81005FAA2C /* JoinGroupView.swift in Sources */,
				32E5E18A2B8DA881005BF4F4 /* LaunchScreenView.swift in Sources */,
				328EEB5C2B9199530021F461 /* DatabaseAPI.swift in Sources */,
				E5E6F0D82BAD36A0004A0697 /* CreateGroupView.swift in Sources */,
				32847F282B8D96B70061449F /* UIImageExtension.swift in Sources */,
				36E9BE6C2B86AD5D0020BE12 /* HistoryView.swift in Sources */,
				36E9BE6E2B86AD6E0020BE12 /* SettingsView.swift in Sources */,
				36E9BE682B86AD3F0020BE12 /* FriendsView.swift in Sources */,
				36788E3F2BA50F22006925A6 /* GroupDetailView.swift in Sources */,
				32847F2A2B8D96C60061449F /* ScanReciept.swift in Sources */,
				32847F2C2B8D96D50061449F /* ContentView.swift in Sources */,
				36E9BE742B86C18D0020BE12 /* AccountView.swift in Sources */,
				36E9BE762B86CAEA0020BE12 /* AddFriendView.swift in Sources */,
				E5AB946B2BAAA75B00836C2E /* ManualTransactionView.swift in Sources */,
				E52146CA2B9FE12C007571A2 /* SceneDelegate.swift in Sources */,
				36E9BE702B86AD8D0020BE12 /* SplitView.swift in Sources */,
				E50B498F2BAA0A640080CEAB /* PaymentManager.swift in Sources */,
				36E9BE722B86B6240020BE12 /* SignUpView.swift in Sources */,
				32E58BD82B8A9B1300F9B44E /* UserViewModel.swift in Sources */,
				36E9BE662B86AD1C0020BE12 /* HomeView.swift in Sources */,
				36E9BE642B86ACE00020BE12 /* SignUpLogInView.swift in Sources */,
				32B1A4BF2B828F9400A20FDD /* reciept_bill_splitterApp.swift in Sources */,
				36E9BE862BA007F10020BE12 /* TransactionView.swift in Sources */,
			);
			runOnlyForDeploymentPostprocessing = 0;
		};
/* End PBXSourcesBuildPhase section */

/* Begin XCBuildConfiguration section */
		32B1A4C72B828F9D00A20FDD /* Debug */ = {
			isa = XCBuildConfiguration;
			buildSettings = {
				ALWAYS_SEARCH_USER_PATHS = NO;
				ASSETCATALOG_COMPILER_GENERATE_SWIFT_ASSET_SYMBOL_EXTENSIONS = YES;
				CLANG_ANALYZER_NONNULL = YES;
				CLANG_ANALYZER_NUMBER_OBJECT_CONVERSION = YES_AGGRESSIVE;
				CLANG_CXX_LANGUAGE_STANDARD = "gnu++20";
				CLANG_ENABLE_MODULES = YES;
				CLANG_ENABLE_OBJC_ARC = YES;
				CLANG_ENABLE_OBJC_WEAK = YES;
				CLANG_WARN_BLOCK_CAPTURE_AUTORELEASING = YES;
				CLANG_WARN_BOOL_CONVERSION = YES;
				CLANG_WARN_COMMA = YES;
				CLANG_WARN_CONSTANT_CONVERSION = YES;
				CLANG_WARN_DEPRECATED_OBJC_IMPLEMENTATIONS = YES;
				CLANG_WARN_DIRECT_OBJC_ISA_USAGE = YES_ERROR;
				CLANG_WARN_DOCUMENTATION_COMMENTS = YES;
				CLANG_WARN_EMPTY_BODY = YES;
				CLANG_WARN_ENUM_CONVERSION = YES;
				CLANG_WARN_INFINITE_RECURSION = YES;
				CLANG_WARN_INT_CONVERSION = YES;
				CLANG_WARN_NON_LITERAL_NULL_CONVERSION = YES;
				CLANG_WARN_OBJC_IMPLICIT_RETAIN_SELF = YES;
				CLANG_WARN_OBJC_LITERAL_CONVERSION = YES;
				CLANG_WARN_OBJC_ROOT_CLASS = YES_ERROR;
				CLANG_WARN_QUOTED_INCLUDE_IN_FRAMEWORK_HEADER = YES;
				CLANG_WARN_RANGE_LOOP_ANALYSIS = YES;
				CLANG_WARN_STRICT_PROTOTYPES = YES;
				CLANG_WARN_SUSPICIOUS_MOVE = YES;
				CLANG_WARN_UNGUARDED_AVAILABILITY = YES_AGGRESSIVE;
				CLANG_WARN_UNREACHABLE_CODE = YES;
				CLANG_WARN__DUPLICATE_METHOD_MATCH = YES;
				COPY_PHASE_STRIP = NO;
				DEBUG_INFORMATION_FORMAT = dwarf;
				ENABLE_STRICT_OBJC_MSGSEND = YES;
				ENABLE_TESTABILITY = YES;
				ENABLE_USER_SCRIPT_SANDBOXING = YES;
				GCC_C_LANGUAGE_STANDARD = gnu17;
				GCC_DYNAMIC_NO_PIC = NO;
				GCC_NO_COMMON_BLOCKS = YES;
				GCC_OPTIMIZATION_LEVEL = 0;
				GCC_PREPROCESSOR_DEFINITIONS = (
					"DEBUG=1",
					"$(inherited)",
				);
				GCC_WARN_64_TO_32_BIT_CONVERSION = YES;
				GCC_WARN_ABOUT_RETURN_TYPE = YES_ERROR;
				GCC_WARN_UNDECLARED_SELECTOR = YES;
				GCC_WARN_UNINITIALIZED_AUTOS = YES_AGGRESSIVE;
				GCC_WARN_UNUSED_FUNCTION = YES;
				GCC_WARN_UNUSED_VARIABLE = YES;
				INFOPLIST_KEY_UIApplicationSceneManifest_Generation = NO;
				IPHONEOS_DEPLOYMENT_TARGET = 17.2;
				LOCALIZATION_PREFERS_STRING_CATALOGS = YES;
				MTL_ENABLE_DEBUG_INFO = INCLUDE_SOURCE;
				MTL_FAST_MATH = YES;
				ONLY_ACTIVE_ARCH = YES;
				SDKROOT = iphoneos;
				SWIFT_ACTIVE_COMPILATION_CONDITIONS = "DEBUG $(inherited)";
				SWIFT_OPTIMIZATION_LEVEL = "-Onone";
			};
			name = Debug;
		};
		32B1A4C82B828F9D00A20FDD /* Release */ = {
			isa = XCBuildConfiguration;
			buildSettings = {
				ALWAYS_SEARCH_USER_PATHS = NO;
				ASSETCATALOG_COMPILER_GENERATE_SWIFT_ASSET_SYMBOL_EXTENSIONS = YES;
				CLANG_ANALYZER_NONNULL = YES;
				CLANG_ANALYZER_NUMBER_OBJECT_CONVERSION = YES_AGGRESSIVE;
				CLANG_CXX_LANGUAGE_STANDARD = "gnu++20";
				CLANG_ENABLE_MODULES = YES;
				CLANG_ENABLE_OBJC_ARC = YES;
				CLANG_ENABLE_OBJC_WEAK = YES;
				CLANG_WARN_BLOCK_CAPTURE_AUTORELEASING = YES;
				CLANG_WARN_BOOL_CONVERSION = YES;
				CLANG_WARN_COMMA = YES;
				CLANG_WARN_CONSTANT_CONVERSION = YES;
				CLANG_WARN_DEPRECATED_OBJC_IMPLEMENTATIONS = YES;
				CLANG_WARN_DIRECT_OBJC_ISA_USAGE = YES_ERROR;
				CLANG_WARN_DOCUMENTATION_COMMENTS = YES;
				CLANG_WARN_EMPTY_BODY = YES;
				CLANG_WARN_ENUM_CONVERSION = YES;
				CLANG_WARN_INFINITE_RECURSION = YES;
				CLANG_WARN_INT_CONVERSION = YES;
				CLANG_WARN_NON_LITERAL_NULL_CONVERSION = YES;
				CLANG_WARN_OBJC_IMPLICIT_RETAIN_SELF = YES;
				CLANG_WARN_OBJC_LITERAL_CONVERSION = YES;
				CLANG_WARN_OBJC_ROOT_CLASS = YES_ERROR;
				CLANG_WARN_QUOTED_INCLUDE_IN_FRAMEWORK_HEADER = YES;
				CLANG_WARN_RANGE_LOOP_ANALYSIS = YES;
				CLANG_WARN_STRICT_PROTOTYPES = YES;
				CLANG_WARN_SUSPICIOUS_MOVE = YES;
				CLANG_WARN_UNGUARDED_AVAILABILITY = YES_AGGRESSIVE;
				CLANG_WARN_UNREACHABLE_CODE = YES;
				CLANG_WARN__DUPLICATE_METHOD_MATCH = YES;
				COPY_PHASE_STRIP = NO;
				DEBUG_INFORMATION_FORMAT = "dwarf-with-dsym";
				ENABLE_NS_ASSERTIONS = NO;
				ENABLE_STRICT_OBJC_MSGSEND = YES;
				ENABLE_USER_SCRIPT_SANDBOXING = YES;
				GCC_C_LANGUAGE_STANDARD = gnu17;
				GCC_NO_COMMON_BLOCKS = YES;
				GCC_WARN_64_TO_32_BIT_CONVERSION = YES;
				GCC_WARN_ABOUT_RETURN_TYPE = YES_ERROR;
				GCC_WARN_UNDECLARED_SELECTOR = YES;
				GCC_WARN_UNINITIALIZED_AUTOS = YES_AGGRESSIVE;
				GCC_WARN_UNUSED_FUNCTION = YES;
				GCC_WARN_UNUSED_VARIABLE = YES;
				INFOPLIST_KEY_UIApplicationSceneManifest_Generation = NO;
				IPHONEOS_DEPLOYMENT_TARGET = 17.2;
				LOCALIZATION_PREFERS_STRING_CATALOGS = YES;
				MTL_ENABLE_DEBUG_INFO = NO;
				MTL_FAST_MATH = YES;
				SDKROOT = iphoneos;
				SWIFT_COMPILATION_MODE = wholemodule;
				VALIDATE_PRODUCT = YES;
			};
			name = Release;
		};
		32B1A4CA2B828F9D00A20FDD /* Debug */ = {
			isa = XCBuildConfiguration;
			buildSettings = {
				ASSETCATALOG_COMPILER_APPICON_NAME = AppIcon;
				ASSETCATALOG_COMPILER_GLOBAL_ACCENT_COLOR_NAME = AccentColor;
				CODE_SIGN_IDENTITY = "Apple Development";
				CODE_SIGN_STYLE = Automatic;
				CURRENT_PROJECT_VERSION = 1;
				DEVELOPMENT_ASSET_PATHS = "\"reciept bill splitter/Preview Content\"";
				DEVELOPMENT_TEAM = 3Y46278W32;
				ENABLE_PREVIEWS = YES;
				ENABLE_USER_SCRIPT_SANDBOXING = NO;
				GENERATE_INFOPLIST_FILE = YES;
				INFOPLIST_FILE = "reciept bill splitter/GoogleService-Info.plist";
				INFOPLIST_KEY_NSCameraUsageDescription = "";
				INFOPLIST_KEY_UIApplicationSceneManifest_Generation = YES;
				INFOPLIST_KEY_UIApplicationSupportsIndirectInputEvents = YES;
				INFOPLIST_KEY_UILaunchScreen_Generation = YES;
				INFOPLIST_KEY_UISupportedInterfaceOrientations_iPad = "UIInterfaceOrientationPortrait UIInterfaceOrientationPortraitUpsideDown UIInterfaceOrientationLandscapeLeft UIInterfaceOrientationLandscapeRight";
				INFOPLIST_KEY_UISupportedInterfaceOrientations_iPhone = "UIInterfaceOrientationPortrait UIInterfaceOrientationLandscapeLeft UIInterfaceOrientationLandscapeRight";
				LD_RUNPATH_SEARCH_PATHS = (
					"$(inherited)",
					"@executable_path/Frameworks",
				);
				MARKETING_VERSION = 1.0;
				NEW_SETTING = "";
				PRODUCT_BUNDLE_IDENTIFIER = com.jlvu;
				PRODUCT_NAME = "$(TARGET_NAME)";
				PROVISIONING_PROFILE_SPECIFIER = "";
				SWIFT_EMIT_LOC_STRINGS = YES;
				SWIFT_VERSION = 5.0;
				TARGETED_DEVICE_FAMILY = "1,2";
			};
			name = Debug;
		};
		32B1A4CB2B828F9D00A20FDD /* Release */ = {
			isa = XCBuildConfiguration;
			buildSettings = {
				ASSETCATALOG_COMPILER_APPICON_NAME = AppIcon;
				ASSETCATALOG_COMPILER_GLOBAL_ACCENT_COLOR_NAME = AccentColor;
				CODE_SIGN_IDENTITY = "Apple Development";
				CODE_SIGN_STYLE = Automatic;
				CURRENT_PROJECT_VERSION = 1;
				DEVELOPMENT_ASSET_PATHS = "\"reciept bill splitter/Preview Content\"";
				DEVELOPMENT_TEAM = 3Y46278W32;
				ENABLE_PREVIEWS = YES;
				ENABLE_USER_SCRIPT_SANDBOXING = NO;
				GENERATE_INFOPLIST_FILE = YES;
				INFOPLIST_FILE = "reciept bill splitter/GoogleService-Info.plist";
				INFOPLIST_KEY_NSCameraUsageDescription = "";
				INFOPLIST_KEY_UIApplicationSceneManifest_Generation = YES;
				INFOPLIST_KEY_UIApplicationSupportsIndirectInputEvents = YES;
				INFOPLIST_KEY_UILaunchScreen_Generation = YES;
				INFOPLIST_KEY_UISupportedInterfaceOrientations_iPad = "UIInterfaceOrientationPortrait UIInterfaceOrientationPortraitUpsideDown UIInterfaceOrientationLandscapeLeft UIInterfaceOrientationLandscapeRight";
				INFOPLIST_KEY_UISupportedInterfaceOrientations_iPhone = "UIInterfaceOrientationPortrait UIInterfaceOrientationLandscapeLeft UIInterfaceOrientationLandscapeRight";
				LD_RUNPATH_SEARCH_PATHS = (
					"$(inherited)",
					"@executable_path/Frameworks",
				);
				MARKETING_VERSION = 1.0;
				NEW_SETTING = "";
				PRODUCT_BUNDLE_IDENTIFIER = "com.jlvu-ucdavis.edu";
				PRODUCT_NAME = "$(TARGET_NAME)";
				PROVISIONING_PROFILE_SPECIFIER = "";
				SWIFT_EMIT_LOC_STRINGS = YES;
				SWIFT_VERSION = 5.0;
				TARGETED_DEVICE_FAMILY = "1,2";
			};
			name = Release;
		};
/* End XCBuildConfiguration section */

/* Begin XCConfigurationList section */
		32B1A4B62B828F9400A20FDD /* Build configuration list for PBXProject "reciept bill splitter" */ = {
			isa = XCConfigurationList;
			buildConfigurations = (
				32B1A4C72B828F9D00A20FDD /* Debug */,
				32B1A4C82B828F9D00A20FDD /* Release */,
			);
			defaultConfigurationIsVisible = 0;
			defaultConfigurationName = Release;
		};
		32B1A4C92B828F9D00A20FDD /* Build configuration list for PBXNativeTarget "reciept bill splitter" */ = {
			isa = XCConfigurationList;
			buildConfigurations = (
				32B1A4CA2B828F9D00A20FDD /* Debug */,
				32B1A4CB2B828F9D00A20FDD /* Release */,
			);
			defaultConfigurationIsVisible = 0;
			defaultConfigurationName = Release;
		};
/* End XCConfigurationList section */

/* Begin XCRemoteSwiftPackageReference section */
		32C3CD102B86F1C600FB2BF1 /* XCRemoteSwiftPackageReference "firebase-ios-sdk" */ = {
			isa = XCRemoteSwiftPackageReference;
			repositoryURL = "https://github.com/firebase/firebase-ios-sdk";
			requirement = {
				kind = upToNextMajorVersion;
				minimumVersion = 10.21.0;
			};
		};
		E591A6812B9E8AD500AC1F5F /* XCRemoteSwiftPackageReference "stripe-ios-spm" */ = {
			isa = XCRemoteSwiftPackageReference;
			repositoryURL = "https://github.com/stripe/stripe-ios-spm";
			requirement = {
				kind = upToNextMajorVersion;
				minimumVersion = 23.24.1;
			};
		};
/* End XCRemoteSwiftPackageReference section */

/* Begin XCSwiftPackageProductDependency section */
		32C3CD192B86F1C600FB2BF1 /* FirebaseAppCheck */ = {
			isa = XCSwiftPackageProductDependency;
			package = 32C3CD102B86F1C600FB2BF1 /* XCRemoteSwiftPackageReference "firebase-ios-sdk" */;
			productName = FirebaseAppCheck;
		};
		32C3CD1D2B86F1C600FB2BF1 /* FirebaseAuth */ = {
			isa = XCSwiftPackageProductDependency;
			package = 32C3CD102B86F1C600FB2BF1 /* XCRemoteSwiftPackageReference "firebase-ios-sdk" */;
			productName = FirebaseAuth;
		};
		32C3CD292B86F1C600FB2BF1 /* FirebaseFirestore */ = {
			isa = XCSwiftPackageProductDependency;
			package = 32C3CD102B86F1C600FB2BF1 /* XCRemoteSwiftPackageReference "firebase-ios-sdk" */;
			productName = FirebaseFirestore;
		};
		32C3CD2D2B86F1C600FB2BF1 /* FirebaseFirestoreSwift */ = {
			isa = XCSwiftPackageProductDependency;
			package = 32C3CD102B86F1C600FB2BF1 /* XCRemoteSwiftPackageReference "firebase-ios-sdk" */;
			productName = FirebaseFirestoreSwift;
		};
		32C3CD3D2B86F1C700FB2BF1 /* FirebasePerformance */ = {
			isa = XCSwiftPackageProductDependency;
			package = 32C3CD102B86F1C600FB2BF1 /* XCRemoteSwiftPackageReference "firebase-ios-sdk" */;
			productName = FirebasePerformance;
		};
		E554E9BA2B9F9A7700734554 /* FirebaseMessaging */ = {
			isa = XCSwiftPackageProductDependency;
			package = 32C3CD102B86F1C600FB2BF1 /* XCRemoteSwiftPackageReference "firebase-ios-sdk" */;
			productName = FirebaseMessaging;
		};
		E554E9BE2B9F9E8F00734554 /* FirebaseFunctions */ = {
			isa = XCSwiftPackageProductDependency;
			package = 32C3CD102B86F1C600FB2BF1 /* XCRemoteSwiftPackageReference "firebase-ios-sdk" */;
			productName = FirebaseFunctions;
		};
		E591A6822B9E8AD600AC1F5F /* Stripe */ = {
			isa = XCSwiftPackageProductDependency;
			package = E591A6812B9E8AD500AC1F5F /* XCRemoteSwiftPackageReference "stripe-ios-spm" */;
			productName = Stripe;
		};
		E591A6842B9E8AD600AC1F5F /* StripeApplePay */ = {
			isa = XCSwiftPackageProductDependency;
			package = E591A6812B9E8AD500AC1F5F /* XCRemoteSwiftPackageReference "stripe-ios-spm" */;
			productName = StripeApplePay;
		};
		E591A6862B9E8AD600AC1F5F /* StripeCardScan */ = {
			isa = XCSwiftPackageProductDependency;
			package = E591A6812B9E8AD500AC1F5F /* XCRemoteSwiftPackageReference "stripe-ios-spm" */;
			productName = StripeCardScan;
		};
		E591A6882B9E8AD600AC1F5F /* StripeFinancialConnections */ = {
			isa = XCSwiftPackageProductDependency;
			package = E591A6812B9E8AD500AC1F5F /* XCRemoteSwiftPackageReference "stripe-ios-spm" */;
			productName = StripeFinancialConnections;
		};
		E591A68A2B9E8AD600AC1F5F /* StripeIdentity */ = {
			isa = XCSwiftPackageProductDependency;
			package = E591A6812B9E8AD500AC1F5F /* XCRemoteSwiftPackageReference "stripe-ios-spm" */;
			productName = StripeIdentity;
		};
		E591A68C2B9E8AD600AC1F5F /* StripePaymentSheet */ = {
			isa = XCSwiftPackageProductDependency;
			package = E591A6812B9E8AD500AC1F5F /* XCRemoteSwiftPackageReference "stripe-ios-spm" */;
			productName = StripePaymentSheet;
		};
		E591A68E2B9E8AD600AC1F5F /* StripePayments */ = {
			isa = XCSwiftPackageProductDependency;
			package = E591A6812B9E8AD500AC1F5F /* XCRemoteSwiftPackageReference "stripe-ios-spm" */;
			productName = StripePayments;
		};
		E591A6902B9E8AD600AC1F5F /* StripePaymentsUI */ = {
			isa = XCSwiftPackageProductDependency;
			package = E591A6812B9E8AD500AC1F5F /* XCRemoteSwiftPackageReference "stripe-ios-spm" */;
			productName = StripePaymentsUI;
		};
/* End XCSwiftPackageProductDependency section */
	};
	rootObject = 32B1A4B32B828F9400A20FDD /* Project object */;
}
